PODS:
  - Alamofire (4.9.1)
  - CryptoSwift (1.6.0)
  - device_info (0.0.1):
    - Flutter
  - DKImagePickerController/Core (4.3.4):
    - DKImagePickerController/ImageDataManager
    - DKImagePickerController/Resource
  - DKImagePickerController/ImageDataManager (4.3.4)
  - DKImagePickerController/PhotoGallery (4.3.4):
    - DKImagePickerController/Core
    - DKPhotoGallery
  - DKImagePickerController/Resource (4.3.4)
  - DKPhotoGallery (0.0.17):
    - DKPhotoGallery/Core (= 0.0.17)
    - DKPhotoGallery/Model (= 0.0.17)
    - DKPhotoGallery/Preview (= 0.0.17)
    - DKPhotoGallery/Resource (= 0.0.17)
    - SDWebImage
    - SwiftyGif
  - DKPhotoGallery/Core (0.0.17):
    - DKPhotoGallery/Model
    - DKPhotoGallery/Preview
    - SDWebImage
    - SwiftyGif
  - DKPhotoGallery/Model (0.0.17):
    - SDWebImage
    - SwiftyGif
  - DKPhotoGallery/Preview (0.0.17):
    - DKPhotoGallery/Model
    - DKPhotoGallery/Resource
    - SDWebImage
    - SwiftyGif
  - DKPhotoGallery/Resource (0.0.17):
    - SDWebImage
    - SwiftyGif
  - file_picker (0.0.1):
    - DKImagePickerController/PhotoGallery
    - Flutter
  - Flutter (1.0.0)
  - flutter_inappwebview (0.0.1):
    - Flutter
    - flutter_inappwebview/Core (= 0.0.1)
    - OrderedSet (~> 5.0)
  - flutter_inappwebview/Core (0.0.1):
    - Flutter
    - OrderedSet (~> 5.0)
  - flutter_secure_storage (3.3.1):
    - Flutter
  - fluttertoast (0.0.2):
    - Flutter
    - Toast
  - google_maps_flutter_ios (0.0.1):
    - Flutter
    - GoogleMaps
  - GoogleMaps (5.2.0):
    - GoogleMaps/Maps (= 5.2.0)
  - GoogleMaps/Base (5.2.0)
  - GoogleMaps/Maps (5.2.0):
    - GoogleMaps/Base
  - http_certificate_pinning (1.0.3):
    - Alamofire (~> 4.7)
    - CryptoSwift
    - Flutter
  - image_cropper (0.0.4):
    - Flutter
    - TOCropViewController (~> 2.6.1)
  - image_picker_ios (0.0.1):
    - Flutter
  - local_auth_ios (0.0.1):
    - Flutter
  - open_file (0.0.1):
    - Flutter
  - OrderedSet (5.0.0)
  - package_info (0.0.1):
    - Flutter
  - path_provider (0.0.1):
    - Flutter
  - r_get_ip (0.0.1):
    - Flutter
  - SDWebImage (5.15.2):
    - SDWebImage/Core (= 5.15.2)
  - SDWebImage/Core (5.15.2)
  - share_plus (0.0.1):
    - Flutter
  - shared_preferences_foundation (0.0.1):
    - Flutter
    - FlutterMacOS
  - SwiftyGif (5.4.4)
  - syncfusion_flutter_pdfviewer (0.0.1):
    - Flutter
  - Toast (4.0.0)
  - TOCropViewController (2.6.1)
  - url_launcher_ios (0.0.1):
    - Flutter

DEPENDENCIES:
  - device_info (from `.symlinks/plugins/device_info/ios`)
  - file_picker (from `.symlinks/plugins/file_picker/ios`)
  - Flutter (from `Flutter`)
  - flutter_inappwebview (from `.symlinks/plugins/flutter_inappwebview/ios`)
  - flutter_secure_storage (from `.symlinks/plugins/flutter_secure_storage/ios`)
  - fluttertoast (from `.symlinks/plugins/fluttertoast/ios`)
  - google_maps_flutter_ios (from `.symlinks/plugins/google_maps_flutter_ios/ios`)
  - http_certificate_pinning (from `.symlinks/plugins/http_certificate_pinning/ios`)
  - image_cropper (from `.symlinks/plugins/image_cropper/ios`)
  - image_picker_ios (from `.symlinks/plugins/image_picker_ios/ios`)
  - local_auth_ios (from `.symlinks/plugins/local_auth_ios/ios`)
  - open_file (from `.symlinks/plugins/open_file/ios`)
  - package_info (from `.symlinks/plugins/package_info/ios`)
  - path_provider (from `.symlinks/plugins/path_provider/ios`)
  - r_get_ip (from `.symlinks/plugins/r_get_ip/ios`)
  - share_plus (from `.symlinks/plugins/share_plus/ios`)
  - shared_preferences_foundation (from `.symlinks/plugins/shared_preferences_foundation/ios`)
  - syncfusion_flutter_pdfviewer (from `.symlinks/plugins/syncfusion_flutter_pdfviewer/ios`)
  - url_launcher_ios (from `.symlinks/plugins/url_launcher_ios/ios`)

SPEC REPOS:
  trunk:
    - Alamofire
    - CryptoSwift
    - DKImagePickerController
    - DKPhotoGallery
    - GoogleMaps
    - OrderedSet
    - SDWebImage
    - SwiftyGif
    - Toast
    - TOCropViewController

EXTERNAL SOURCES:
  device_info:
    :path: ".symlinks/plugins/device_info/ios"
  file_picker:
    :path: ".symlinks/plugins/file_picker/ios"
  Flutter:
    :path: Flutter
  flutter_inappwebview:
    :path: ".symlinks/plugins/flutter_inappwebview/ios"
  flutter_secure_storage:
    :path: ".symlinks/plugins/flutter_secure_storage/ios"
  fluttertoast:
    :path: ".symlinks/plugins/fluttertoast/ios"
  google_maps_flutter_ios:
    :path: ".symlinks/plugins/google_maps_flutter_ios/ios"
  http_certificate_pinning:
    :path: ".symlinks/plugins/http_certificate_pinning/ios"
  image_cropper:
    :path: ".symlinks/plugins/image_cropper/ios"
  image_picker_ios:
    :path: ".symlinks/plugins/image_picker_ios/ios"
  local_auth_ios:
    :path: ".symlinks/plugins/local_auth_ios/ios"
  open_file:
    :path: ".symlinks/plugins/open_file/ios"
  package_info:
    :path: ".symlinks/plugins/package_info/ios"
  path_provider:
    :path: ".symlinks/plugins/path_provider/ios"
  r_get_ip:
    :path: ".symlinks/plugins/r_get_ip/ios"
  share_plus:
    :path: ".symlinks/plugins/share_plus/ios"
  shared_preferences_foundation:
    :path: ".symlinks/plugins/shared_preferences_foundation/ios"
  syncfusion_flutter_pdfviewer:
    :path: ".symlinks/plugins/syncfusion_flutter_pdfviewer/ios"
  url_launcher_ios:
    :path: ".symlinks/plugins/url_launcher_ios/ios"

SPEC CHECKSUMS:
  Alamofire: 85e8a02c69d6020a0d734f6054870d7ecb75cf18
  CryptoSwift: 562f8eceb40e80796fffc668b0cad9313284cfa6
  device_info: d7d233b645a32c40dfdc212de5cf646ca482f175
  DKImagePickerController: b512c28220a2b8ac7419f21c491fc8534b7601ac
  DKPhotoGallery: fdfad5125a9fdda9cc57df834d49df790dbb4179
  file_picker: ce3938a0df3cc1ef404671531facef740d03f920
  Flutter: 50d75fe2f02b26cc09d224853bb45737f8b3214a
  flutter_inappwebview: bfd58618f49dc62f2676de690fc6dcda1d6c3721
  flutter_secure_storage: 7953c38a04c3fdbb00571bcd87d8e3b5ceb9daec
  fluttertoast: fafc4fa4d01a6a9e4f772ecd190ffa525e9e2d9c
  google_maps_flutter_ios: 53f75334bad87ccd0473f4b0142756169846b42b
  GoogleMaps: 025272d5876d3b32604e5c080dc25eaf68764693
  http_certificate_pinning: 23157eae20c5887e49372b3cbe7a1d5863eb9bad
  image_cropper: a3291c624a953049bc6a02e1f8c8ceb162a24b25
  image_picker_ios: 58b9c4269cb176f89acea5e5d043c9358f2d25f8
  local_auth_ios: ceb207b594b48c075f1065f97b61e3ffa00d686b
  open_file: 2b95472e6ba492308fc6f297d9588286d40b22f2
  OrderedSet: aaeb196f7fef5a9edf55d89760da9176ad40b93c
  package_info: 873975fc26034f0b863a300ad47e7f1ac6c7ec62
  path_provider: abfe2b5c733d04e238b0d8691db0cfd63a27a93c
  r_get_ip: 5b7a232114eacec8935eef83b7400d8d63baba48
  SDWebImage: 8ab87d4b3e5cc4927bd47f78db6ceb0b94442577
  share_plus: 056a1e8ac890df3e33cb503afffaf1e9b4fbae68
  shared_preferences_foundation: e2dae3258e06f44cc55f49d42024fd8dd03c590c
  SwiftyGif: 93a1cc87bf3a51916001cf8f3d63835fb64c819f
  syncfusion_flutter_pdfviewer: bb9998884b864cfedf72628df3503bdf57e397c0
  Toast: 91b396c56ee72a5790816f40d3a94dd357abc196
  TOCropViewController: edfd4f25713d56905ad1e0b9f5be3fbe0f59c863
  url_launcher_ios: ae1517e5e344f5544fb090b079e11f399dfbe4d2

PODFILE CHECKSUM: 21b64fbb12492d731c9be90cbe0f2d328bef4b49

COCOAPODS: 1.11.3
